
Microsoft Visual Studio Solution File, Format Version 12.00
# Visual Studio Version 17
VisualStudioVersion = 17.4.33103.184
MinimumVisualStudioVersion = 10.0.40219.1
Project("{FAE04EC0-301F-11D3-BF4B-00C04F79EFBC}") = "PruebaAPI", "PruebaAPI\PruebaAPI.csproj", "{44BCB0CD-13D5-453E-BD80-5366224ABC38}"
EndProject
Project("{FAE04EC0-301F-11D3-BF4B-00C04F79EFBC}") = "Core", "Core\Core.csproj", "{040BAC93-F222-4BAF-A26D-156ED3E77660}"
EndProject
Project("{FAE04EC0-301F-11D3-BF4B-00C04F79EFBC}") = "Infrastructure", "Infrastructure\Infrastructure.csproj", "{FEA1F2B1-0251-4381-8E4D-F2B5AB48685F}"
EndProject
Global
	GlobalSection(SolutionConfigurationPlatforms) = preSolution
		Debug|Any CPU = Debug|Any CPU
		Release|Any CPU = Release|Any CPU
	EndGlobalSection
	GlobalSection(ProjectConfigurationPlatforms) = postSolution
		{44BCB0CD-13D5-453E-BD80-5366224ABC38}.Debug|Any CPU.ActiveCfg = Debug|Any CPU
		{44BCB0CD-13D5-453E-BD80-5366224ABC38}.Debug|Any CPU.Build.0 = Debug|Any CPU
		{44BCB0CD-13D5-453E-BD80-5366224ABC38}.Release|Any CPU.ActiveCfg = Release|Any CPU
		{44BCB0CD-13D5-453E-BD80-5366224ABC38}.Release|Any CPU.Build.0 = Release|Any CPU
		{040BAC93-F222-4BAF-A26D-156ED3E77660}.Debug|Any CPU.ActiveCfg = Debug|Any CPU
		{040BAC93-F222-4BAF-A26D-156ED3E77660}.Debug|Any CPU.Build.0 = Debug|Any CPU
		{040BAC93-F222-4BAF-A26D-156ED3E77660}.Release|Any CPU.ActiveCfg = Release|Any CPU
		{040BAC93-F222-4BAF-A26D-156ED3E77660}.Release|Any CPU.Build.0 = Release|Any CPU
		{FEA1F2B1-0251-4381-8E4D-F2B5AB48685F}.Debug|Any CPU.ActiveCfg = Debug|Any CPU
		{FEA1F2B1-0251-4381-8E4D-F2B5AB48685F}.Debug|Any CPU.Build.0 = Debug|Any CPU
		{FEA1F2B1-0251-4381-8E4D-F2B5AB48685F}.Release|Any CPU.ActiveCfg = Release|Any CPU
		{FEA1F2B1-0251-4381-8E4D-F2B5AB48685F}.Release|Any CPU.Build.0 = Release|Any CPU
	EndGlobalSection
	GlobalSection(SolutionProperties) = preSolution
		HideSolutionNode = FALSE
	EndGlobalSection
	GlobalSection(ExtensibilityGlobals) = postSolution
		SolutionGuid = {B2D98086-16FA-4CC0-B3C2-D56DADE6DA62}
	EndGlobalSection
EndGlobal
